PODS:
  - ActionProtocol (0.1.0)
  - DBModel (0.1.2):
    - DBModel/DBModel (= 0.1.2)
    - ModuleCapability (~> 0.1.2)
  - DBModel/DBModel (0.1.2):
    - ModuleCapability (~> 0.1.2)
  - MJControllerManager (0.1.1):
    - ActionProtocol
    - ModuleCapability (~> 0.1.2)
  - MJUtils (0.1.1):
    - ModuleCapability (~> 0.1.2)
  - MJWebViewController (0.1.1):
    - ActionProtocol
    - DBModel
    - MJControllerManager
    - MJUtils
    - ModuleCapability (~> 0.1.2)
  - ModuleCapability (0.1.2)

DEPENDENCIES:
  - MJWebViewController (from `../`)

EXTERNAL SOURCES:
  MJWebViewController:
    :path: ../

SPEC CHECKSUMS:
  ActionProtocol: f5279c482de3abb31ea34b54a0ecfaf8d5cca561
  DBModel: e523e0066ba5adebde9a76244b95bd050a28a42e
  MJControllerManager: 28a7d2792439d13ae617e375725ae454aa7add2d
  MJUtils: 0e1d68b753e897b89e4b3f2b1ef28b5993216fee
  MJWebViewController: bab824f2409dcfc92077e74acb463466af765ca0
  ModuleCapability: 35cea7154ff855362682e90ecf1be529a533c931

COCOAPODS: 0.39.0
